{"filter":false,"title":"Gemfile.lock","tooltip":"/Gemfile.lock","undoManager":{"mark":0,"position":0,"stack":[[{"group":"doc","deltas":[{"action":"removeText","range":{"start":{"row":3,"column":20},"end":{"row":3,"column":21}},"text":"0"},{"action":"insertText","range":{"start":{"row":3,"column":20},"end":{"row":3,"column":21}},"text":"2"},{"action":"insertText","range":{"start":{"row":3,"column":23},"end":{"row":3,"column":29}},"text":".beta4"},{"action":"removeText","range":{"start":{"row":6,"column":0},"end":{"row":6,"column":21}},"text":"    actionpack (4.0.0"},{"action":"removeLines","range":{"start":{"row":5,"column":0},"end":{"row":6,"column":0}},"nl":"\n","lines":["      mail (~> 2.5.3)"]},{"action":"removeText","range":{"start":{"row":4,"column":22},"end":{"row":4,"column":26}},"text":"0.0)"},{"action":"removeText","range":{"start":{"row":4,"column":22},"end":{"row":5,"column":0}},"text":"\n"},{"action":"insertText","range":{"start":{"row":4,"column":22},"end":{"row":4,"column":32}},"text":"2.0.beta4)"},{"action":"insertText","range":{"start":{"row":4,"column":32},"end":{"row":5,"column":0}},"text":"\n"},{"action":"insertLines","range":{"start":{"row":5,"column":0},"end":{"row":10,"column":0}},"lines":["      actionview (= 4.2.0.beta4)","      activejob (= 4.2.0.beta4)","      mail (~> 2.5, >= 2.5.4)","      rails-dom-testing (~> 1.0, >= 1.0.4)","    actionpack (4.2.0.beta4)"]},{"action":"insertText","range":{"start":{"row":10,"column":0},"end":{"row":10,"column":31}},"text":"      actionview (= 4.2.0.beta4"},{"action":"insertText","range":{"start":{"row":11,"column":25},"end":{"row":11,"column":27}},"text":"2."},{"action":"removeText","range":{"start":{"row":11,"column":29},"end":{"row":11,"column":30}},"text":"0"},{"action":"insertText","range":{"start":{"row":11,"column":29},"end":{"row":11,"column":34}},"text":"beta4"},{"action":"removeText","range":{"start":{"row":15,"column":0},"end":{"row":15,"column":25}},"text":"      rack-test (~> 0.6.2"},{"action":"removeLines","range":{"start":{"row":13,"column":0},"end":{"row":15,"column":0}},"nl":"\n","lines":["      erubis (~> 2.7.0)","      rack (~> 1.5.2)"]},{"action":"removeText","range":{"start":{"row":12,"column":6},"end":{"row":12,"column":24}},"text":"builder (~> 3.1.0)"},{"action":"removeText","range":{"start":{"row":12,"column":6},"end":{"row":13,"column":0}},"text":"\n"},{"action":"insertText","range":{"start":{"row":12,"column":6},"end":{"row":12,"column":26}},"text":"rack (~> 1.6.0.beta)"},{"action":"insertText","range":{"start":{"row":12,"column":26},"end":{"row":13,"column":0}},"text":"\n"},{"action":"insertLines","range":{"start":{"row":13,"column":0},"end":{"row":15,"column":0}},"lines":["      rack-test (~> 0.6.2)","      rails-dom-testing (~> 1.0, >= 1.0.4)"]},{"action":"insertText","range":{"start":{"row":15,"column":0},"end":{"row":15,"column":44}},"text":"      rails-html-sanitizer (~> 1.0, >= 1.0.1"},{"action":"removeText","range":{"start":{"row":16,"column":8},"end":{"row":16,"column":15}},"text":"vemodel"},{"action":"insertText","range":{"start":{"row":16,"column":8},"end":{"row":16,"column":14}},"text":"onview"},{"action":"removeText","range":{"start":{"row":16,"column":18},"end":{"row":16,"column":19}},"text":"0"},{"action":"insertText","range":{"start":{"row":16,"column":18},"end":{"row":16,"column":19}},"text":"2"},{"action":"insertText","range":{"start":{"row":16,"column":21},"end":{"row":16,"column":27}},"text":".beta4"},{"action":"removeText","range":{"start":{"row":17,"column":25},"end":{"row":17,"column":28}},"text":"0.0"},{"action":"insertText","range":{"start":{"row":17,"column":25},"end":{"row":17,"column":34}},"text":"2.0.beta4"},{"action":"removeText","range":{"start":{"row":19,"column":0},"end":{"row":19,"column":23}},"text":"    activerecord (4.0.0"},{"action":"removeText","range":{"start":{"row":18,"column":21},"end":{"row":18,"column":24}},"text":".0)"},{"action":"removeText","range":{"start":{"row":18,"column":21},"end":{"row":19,"column":0}},"text":"\n"},{"action":"insertText","range":{"start":{"row":18,"column":21},"end":{"row":18,"column":22}},"text":")"},{"action":"insertText","range":{"start":{"row":18,"column":22},"end":{"row":19,"column":0}},"text":"\n"},{"action":"insertLines","range":{"start":{"row":19,"column":0},"end":{"row":21,"column":0}},"lines":["      erubis (~> 2.7.0)","      rails-dom-testing (~> 1.0, >= 1.0.4)"]},{"action":"insertText","range":{"start":{"row":21,"column":0},"end":{"row":21,"column":44}},"text":"      rails-html-sanitizer (~> 1.0, >= 1.0.1"},{"action":"removeText","range":{"start":{"row":22,"column":4},"end":{"row":22,"column":6}},"text":"  "},{"action":"removeText","range":{"start":{"row":26,"column":0},"end":{"row":26,"column":42}},"text":"    activerecord-deprecated_finders (1.0.3"},{"action":"removeLines","range":{"start":{"row":23,"column":0},"end":{"row":26,"column":0}},"nl":"\n","lines":["      activerecord-deprecated_finders (~> 1.0.2)","      activesupport (= 4.0.0)","      arel (~> 4.0.0)"]},{"action":"removeText","range":{"start":{"row":22,"column":10},"end":{"row":22,"column":25}},"text":"model (= 4.0.0)"},{"action":"removeText","range":{"start":{"row":22,"column":10},"end":{"row":23,"column":0}},"text":"\n"},{"action":"insertText","range":{"start":{"row":22,"column":10},"end":{"row":22,"column":27}},"text":"job (4.2.0.beta4)"},{"action":"insertText","range":{"start":{"row":22,"column":27},"end":{"row":23,"column":0}},"text":"\n"},{"action":"insertLines","range":{"start":{"row":23,"column":0},"end":{"row":31,"column":0}},"lines":["      activesupport (= 4.2.0.beta4)","      globalid (>= 0.3.0)","    activemodel (4.2.0.beta4)","      activesupport (= 4.2.0.beta4)","      builder (~> 3.1)","    activerecord (4.2.0.beta4)","      activemodel (= 4.2.0.beta4)","      activesupport (= 4.2.0.beta4)"]},{"action":"insertText","range":{"start":{"row":31,"column":0},"end":{"row":31,"column":33}},"text":"      arel (>= 6.0.0.beta2, < 6.1"},{"action":"removeText","range":{"start":{"row":32,"column":21},"end":{"row":32,"column":22}},"text":"0"},{"action":"insertText","range":{"start":{"row":32,"column":21},"end":{"row":32,"column":22}},"text":"2"},{"action":"insertText","range":{"start":{"row":32,"column":24},"end":{"row":32,"column":30}},"text":".beta4"},{"action":"removeText","range":{"start":{"row":33,"column":12},"end":{"row":33,"column":13}},"text":"~"},{"action":"insertText","range":{"start":{"row":33,"column":13},"end":{"row":33,"column":14}},"text":"="},{"action":"removeText","range":{"start":{"row":35,"column":0},"end":{"row":35,"column":16}},"text":"      multi_json"},{"action":"removeLines","range":{"start":{"row":34,"column":0},"end":{"row":35,"column":0}},"nl":"\n","lines":["      minitest (~> 4.2)"]},{"action":"removeText","range":{"start":{"row":33,"column":17},"end":{"row":33,"column":29}},"text":"6, >= 0.6.4)"},{"action":"removeText","range":{"start":{"row":33,"column":17},"end":{"row":34,"column":0}},"text":"\n"},{"action":"insertText","range":{"start":{"row":33,"column":17},"end":{"row":33,"column":34}},"text":"7.0.beta1, < 0.8)"},{"action":"insertText","range":{"start":{"row":33,"column":34},"end":{"row":34,"column":0}},"text":"\n"},{"action":"insertLines","range":{"start":{"row":34,"column":0},"end":{"row":35,"column":0}},"lines":["      json (~> 1.7, >= 1.7.7)"]},{"action":"insertText","range":{"start":{"row":35,"column":0},"end":{"row":35,"column":14}},"text":"      minitest"},{"action":"removeText","range":{"start":{"row":35,"column":19},"end":{"row":35,"column":22}},"text":"1.3"},{"action":"insertText","range":{"start":{"row":35,"column":19},"end":{"row":35,"column":22}},"text":"5.1"},{"action":"removeText","range":{"start":{"row":37,"column":17},"end":{"row":37,"column":20}},"text":"0.3"},{"action":"insertText","range":{"start":{"row":37,"column":17},"end":{"row":37,"column":21}},"text":"1.1)"},{"action":"insertText","range":{"start":{"row":37,"column":21},"end":{"row":38,"column":0}},"text":"\n"},{"action":"insertText","range":{"start":{"row":38,"column":0},"end":{"row":38,"column":13}},"text":"    ansi (1.4"},{"action":"removeText","range":{"start":{"row":38,"column":15},"end":{"row":38,"column":16}},"text":"7"},{"action":"removeText","range":{"start":{"row":53,"column":0},"end":{"row":53,"column":15}},"text":"    i18n (0.6.1"},{"action":"removeLines","range":{"start":{"row":40,"column":0},"end":{"row":53,"column":0}},"nl":"\n","lines":["    bootstrap-sass (3.2.0.0)","      sass (~> 3.2)","    builder (3.1.4)","    coffee-rails (4.0.1)","      coffee-script (>= 2.2.0)","      railties (>= 4.0.0, < 5.0)","    coffee-script (2.3.0)","      coffee-script-source","      execjs","    coffee-script-source (1.8.0)","    erubis (2.7.0)","    execjs (2.2.2)","    hike (1.2.3)"]},{"action":"removeText","range":{"start":{"row":39,"column":10},"end":{"row":39,"column":16}},"text":"4.0.2)"},{"action":"removeText","range":{"start":{"row":39,"column":10},"end":{"row":40,"column":0}},"text":"\n"},{"action":"insertText","range":{"start":{"row":39,"column":10},"end":{"row":39,"column":22}},"text":"6.0.0.beta2)"},{"action":"insertText","range":{"start":{"row":39,"column":22},"end":{"row":40,"column":0}},"text":"\n"},{"action":"insertLines","range":{"start":{"row":40,"column":0},"end":{"row":80,"column":0}},"lines":["    binding_of_caller (0.7.3.pre1)","      debug_inspector (>= 0.0.1)","    bootstrap-sass (3.2.0.0)","      sass (~> 3.2)","    builder (3.2.2)","    byebug (3.4.0)","      columnize (~> 0.8)","      debugger-linecache (~> 1.2)","      slop (~> 3.6)","    celluloid (0.16.0)","      timers (~> 4.0.0)","    coderay (1.1.0)","    coffee-rails (4.0.1)","      coffee-script (>= 2.2.0)","      railties (>= 4.0.0, < 5.0)","    coffee-script (2.3.0)","      coffee-script-source","      execjs","    coffee-script-source (1.8.0)","    columnize (0.8.9)","    debug_inspector (0.0.2)","    debugger-linecache (1.2.0)","    erubis (2.7.0)","    execjs (2.2.2)","    ffi (1.9.6)","    ffi (1.9.6-x86-mingw32)","    formatador (0.2.5)","    globalid (0.3.0)","      activesupport (>= 4.1.0)","    guard (2.8.2)","      formatador (>= 0.2.4)","      listen (~> 2.7)","      lumberjack (~> 1.0)","      pry (>= 0.9.12)","      thor (>= 0.18.1)","    guard-minitest (2.3.1)","      guard (~> 2.0)","      minitest (>= 3.0)","    hike (1.2.3)","    hitimes (1.2.2)"]},{"action":"insertText","range":{"start":{"row":80,"column":0},"end":{"row":80,"column":20}},"text":"    i18n (0.7.0.beta"},{"action":"removeText","range":{"start":{"row":81,"column":14},"end":{"row":81,"column":17}},"text":"1.5"},{"action":"insertText","range":{"start":{"row":81,"column":14},"end":{"row":81,"column":17}},"text":"2.2"},{"action":"insertText","range":{"start":{"row":82,"column":29},"end":{"row":82,"column":34}},"text":", < 5"},{"action":"insertText","range":{"start":{"row":83,"column":18},"end":{"row":83,"column":19}},"text":"~"},{"action":"removeText","range":{"start":{"row":83,"column":20},"end":{"row":83,"column":21}},"text":"="},{"action":"removeText","range":{"start":{"row":83,"column":24},"end":{"row":83,"column":26}},"text":".0"},{"action":"removeText","range":{"start":{"row":84,"column":18},"end":{"row":84,"column":20}},"text":"3."},{"action":"insertText","range":{"start":{"row":84,"column":18},"end":{"row":84,"column":30}},"text":"4.0.0.beta2)"},{"action":"insertText","range":{"start":{"row":84,"column":30},"end":{"row":85,"column":0}},"text":"\n"},{"action":"insertText","range":{"start":{"row":85,"column":0},"end":{"row":85,"column":28}},"text":"      rails-dom-testing (~> "},{"action":"removeText","range":{"start":{"row":85,"column":30},"end":{"row":85,"column":31}},"text":"2"},{"action":"insertText","range":{"start":{"row":85,"column":30},"end":{"row":85,"column":31}},"text":"0"},{"action":"removeText","range":{"start":{"row":86,"column":19},"end":{"row":86,"column":22}},"text":"3.0"},{"action":"insertText","range":{"start":{"row":86,"column":19},"end":{"row":86,"column":29}},"text":"4.2.0.beta"},{"action":"insertText","range":{"start":{"row":89,"column":0},"end":{"row":89,"column":18}},"text":"    listen (2.8.0)"},{"action":"insertText","range":{"start":{"row":89,"column":18},"end":{"row":90,"column":0}},"text":"\n"},{"action":"insertLines","range":{"start":{"row":90,"column":0},"end":{"row":96,"column":0}},"lines":["      celluloid (>= 0.15.2)","      rb-fsevent (>= 0.9.3)","      rb-inotify (>= 0.9)","    loofah (2.0.1)","      nokogiri (>= 1.5.9)","    lumberjack (1.0.9)"]},{"action":"removeText","range":{"start":{"row":96,"column":12},"end":{"row":96,"column":15}},"text":"5.4"},{"action":"insertText","range":{"start":{"row":96,"column":12},"end":{"row":96,"column":15}},"text":"6.3"},{"action":"removeText","range":{"start":{"row":97,"column":18},"end":{"row":97,"column":19}},"text":"~"},{"action":"insertText","range":{"start":{"row":97,"column":19},"end":{"row":97,"column":20}},"text":"="},{"action":"insertText","range":{"start":{"row":97,"column":25},"end":{"row":97,"column":30}},"text":", < 3"},{"action":"removeText","range":{"start":{"row":98,"column":4},"end":{"row":98,"column":13}},"text":"  treetop"},{"action":"insertText","range":{"start":{"row":98,"column":4},"end":{"row":98,"column":25}},"text":"method_source (0.8.2)"},{"action":"insertText","range":{"start":{"row":98,"column":25},"end":{"row":99,"column":0}},"text":"\n"},{"action":"insertLines","range":{"start":{"row":99,"column":0},"end":{"row":101,"column":0}},"lines":["    mime-types (2.4.3)","    mini_backtrace (0.1.3)"]},{"action":"insertText","range":{"start":{"row":101,"column":0},"end":{"row":101,"column":14}},"text":"      minitest"},{"action":"removeText","range":{"start":{"row":101,"column":16},"end":{"row":101,"column":17}},"text":"~"},{"action":"removeText","range":{"start":{"row":102,"column":0},"end":{"row":102,"column":13}},"text":"    mime-type"},{"action":"removeText","range":{"start":{"row":101,"column":20},"end":{"row":101,"column":24}},"text":"4.8)"},{"action":"removeText","range":{"start":{"row":101,"column":20},"end":{"row":102,"column":0}},"text":"\n"},{"action":"insertText","range":{"start":{"row":101,"column":20},"end":{"row":101,"column":24}},"text":"2.0)"},{"action":"insertText","range":{"start":{"row":101,"column":24},"end":{"row":102,"column":0}},"text":"\n"},{"action":"insertLines","range":{"start":{"row":102,"column":0},"end":{"row":105,"column":0}},"lines":["      rails (>= 2.3.3)","    mini_portile (0.6.1)","    minitest (5.4.3)"]},{"action":"insertText","range":{"start":{"row":105,"column":0},"end":{"row":105,"column":21}},"text":"    minitest-reporter"},{"action":"removeText","range":{"start":{"row":105,"column":26},"end":{"row":105,"column":30}},"text":"25.1"},{"action":"insertText","range":{"start":{"row":105,"column":26},"end":{"row":105,"column":29}},"text":"0.5"},{"action":"removeText","range":{"start":{"row":109,"column":0},"end":{"row":109,"column":19}},"text":"    polyglot (0.3.5"},{"action":"removeLines","range":{"start":{"row":107,"column":0},"end":{"row":109,"column":0}},"nl":"\n","lines":["    multi_json (1.10.1)","    pg (0.16.0-x86-mingw32)"]},{"action":"removeText","range":{"start":{"row":106,"column":4},"end":{"row":106,"column":20}},"text":"minitest (4.7.5)"},{"action":"removeText","range":{"start":{"row":106,"column":4},"end":{"row":107,"column":0}},"text":"\n"},{"action":"insertText","range":{"start":{"row":106,"column":4},"end":{"row":106,"column":10}},"text":"  ansi"},{"action":"insertText","range":{"start":{"row":106,"column":10},"end":{"row":107,"column":0}},"text":"\n"},{"action":"insertLines","range":{"start":{"row":107,"column":0},"end":{"row":125,"column":0}},"lines":["      builder","      minitest (>= 5.0)","      ruby-progressbar","    multi_json (1.10.1)","    nokogiri (1.6.4.1)","      mini_portile (~> 0.6.0)","    nokogiri (1.6.4.1-x86-mingw32)","      mini_portile (~> 0.6.0)","    pg (0.17.1)","    pg (0.17.1-x86-mingw32)","    pry (0.10.1)","      coderay (~> 1.1.0)","      method_source (~> 0.8.1)","      slop (~> 3.4)","    pry (0.10.1-x86-mingw32)","      coderay (~> 1.1.0)","      method_source (~> 0.8.1)","      slop (~> 3.4)"]},{"action":"insertText","range":{"start":{"row":125,"column":0},"end":{"row":125,"column":26}},"text":"      win32console (~> 1.3"},{"action":"removeText","range":{"start":{"row":126,"column":12},"end":{"row":126,"column":15}},"text":"5.2"},{"action":"insertText","range":{"start":{"row":126,"column":12},"end":{"row":126,"column":20}},"text":"6.0.beta"},{"action":"removeText","range":{"start":{"row":129,"column":13},"end":{"row":129,"column":14}},"text":"0"},{"action":"insertText","range":{"start":{"row":129,"column":13},"end":{"row":129,"column":14}},"text":"2"},{"action":"insertText","range":{"start":{"row":129,"column":16},"end":{"row":129,"column":22}},"text":".beta4"},{"action":"removeText","range":{"start":{"row":130,"column":24},"end":{"row":130,"column":25}},"text":"0"},{"action":"insertText","range":{"start":{"row":130,"column":24},"end":{"row":130,"column":25}},"text":"2"},{"action":"insertText","range":{"start":{"row":130,"column":27},"end":{"row":130,"column":33}},"text":".beta4"},{"action":"removeText","range":{"start":{"row":131,"column":22},"end":{"row":131,"column":25}},"text":"0.0"},{"action":"insertText","range":{"start":{"row":131,"column":22},"end":{"row":131,"column":32}},"text":"2.0.beta4)"},{"action":"insertText","range":{"start":{"row":131,"column":32},"end":{"row":132,"column":0}},"text":"\n"},{"action":"insertLines","range":{"start":{"row":132,"column":0},"end":{"row":134,"column":0}},"lines":["      actionview (= 4.2.0.beta4)","      activejob (= 4.2.0.beta4)"]},{"action":"insertText","range":{"start":{"row":134,"column":0},"end":{"row":134,"column":32}},"text":"      activemodel (= 4.2.0.beta4"},{"action":"removeText","range":{"start":{"row":135,"column":24},"end":{"row":135,"column":27}},"text":"0.0"},{"action":"insertText","range":{"start":{"row":135,"column":24},"end":{"row":135,"column":33}},"text":"2.0.beta4"},{"action":"removeText","range":{"start":{"row":136,"column":25},"end":{"row":136,"column":26}},"text":"0"},{"action":"insertText","range":{"start":{"row":136,"column":25},"end":{"row":136,"column":26}},"text":"2"},{"action":"insertText","range":{"start":{"row":136,"column":28},"end":{"row":136,"column":34}},"text":".beta4"},{"action":"removeText","range":{"start":{"row":138,"column":20},"end":{"row":138,"column":21}},"text":"0"},{"action":"insertText","range":{"start":{"row":138,"column":20},"end":{"row":138,"column":21}},"text":"2"},{"action":"insertText","range":{"start":{"row":138,"column":23},"end":{"row":138,"column":29}},"text":".beta4"},{"action":"removeText","range":{"start":{"row":139,"column":26},"end":{"row":139,"column":27}},"text":"2"},{"action":"insertText","range":{"start":{"row":139,"column":26},"end":{"row":139,"column":27}},"text":"3"},{"action":"insertText","range":{"start":{"row":139,"column":31},"end":{"row":139,"column":37}},"text":".beta1"},{"action":"removeText","range":{"start":{"row":140,"column":8},"end":{"row":140,"column":19}},"text":"ties (4.0.0"},{"action":"insertText","range":{"start":{"row":140,"column":8},"end":{"row":140,"column":38}},"text":"s-deprecated_sanitizer (1.0.3)"},{"action":"insertText","range":{"start":{"row":140,"column":38},"end":{"row":141,"column":0}},"text":"\n"},{"action":"insertLines","range":{"start":{"row":141,"column":0},"end":{"row":153,"column":0}},"lines":["      activesupport (>= 4.2.0.alpha)","    rails-dom-testing (1.0.4)","      activesupport (>= 4.2.0.beta, < 5.0)","      nokogiri (~> 1.6.0)","      rails-deprecated_sanitizer (>= 1.0.1)","    rails-html-sanitizer (1.0.1)","      loofah (~> 2.0)","    rails_12factor (0.0.2)","      rails_serve_static_assets","      rails_stdout_logging","    rails_serve_static_assets (0.0.2)","    rails_stdout_logging (0.0.3)"]},{"action":"insertText","range":{"start":{"row":153,"column":0},"end":{"row":153,"column":25}},"text":"    railties (4.2.0.beta4"},{"action":"removeText","range":{"start":{"row":154,"column":22},"end":{"row":154,"column":25}},"text":"0.0"},{"action":"insertText","range":{"start":{"row":154,"column":22},"end":{"row":154,"column":31}},"text":"2.0.beta4"},{"action":"removeText","range":{"start":{"row":155,"column":25},"end":{"row":155,"column":26}},"text":"0"},{"action":"insertText","range":{"start":{"row":155,"column":25},"end":{"row":155,"column":26}},"text":"2"},{"action":"insertText","range":{"start":{"row":155,"column":28},"end":{"row":155,"column":34}},"text":".beta4"},{"action":"insertText","range":{"start":{"row":159,"column":0},"end":{"row":159,"column":22}},"text":"    rb-fsevent (0.9.4)"},{"action":"insertText","range":{"start":{"row":159,"column":22},"end":{"row":160,"column":0}},"text":"\n"},{"action":"insertLines","range":{"start":{"row":160,"column":0},"end":{"row":162,"column":0}},"lines":["    rb-inotify (0.9.5)","      ffi (>= 0.5.0)"]},{"action":"insertText","range":{"start":{"row":164,"column":0},"end":{"row":164,"column":28}},"text":"    ruby-progressbar (1.7.0)"},{"action":"insertText","range":{"start":{"row":164,"column":28},"end":{"row":165,"column":0}},"text":"\n"},{"action":"removeText","range":{"start":{"row":165,"column":12},"end":{"row":165,"column":16}},"text":"2.19"},{"action":"insertText","range":{"start":{"row":165,"column":12},"end":{"row":165,"column":15}},"text":"4.8"},{"action":"removeText","range":{"start":{"row":166,"column":16},"end":{"row":166,"column":21}},"text":"4.0.4"},{"action":"insertText","range":{"start":{"row":166,"column":16},"end":{"row":166,"column":27}},"text":"5.0.0.beta1"},{"action":"removeText","range":{"start":{"row":168,"column":18},"end":{"row":168,"column":20}},"text":".2"},{"action":"removeText","range":{"start":{"row":169,"column":19},"end":{"row":169,"column":26}},"text":" 2.8, <"},{"action":"removeText","range":{"start":{"row":170,"column":23},"end":{"row":170,"column":24}},"text":"~"},{"action":"insertText","range":{"start":{"row":170,"column":24},"end":{"row":170,"column":25}},"text":"="},{"action":"insertText","range":{"start":{"row":170,"column":29},"end":{"row":170,"column":36}},"text":", < 4.0"},{"action":"removeText","range":{"start":{"row":171,"column":14},"end":{"row":171,"column":15}},"text":"1"},{"action":"insertText","range":{"start":{"row":171,"column":14},"end":{"row":171,"column":15}},"text":"0"},{"action":"removeText","range":{"start":{"row":172,"column":17},"end":{"row":172,"column":28}},"text":"7, >= 1.7.7"},{"action":"insertText","range":{"start":{"row":172,"column":17},"end":{"row":172,"column":18}},"text":"8"},{"action":"insertText","range":{"start":{"row":173,"column":18},"end":{"row":173,"column":26}},"text":", < 5.0)"},{"action":"insertText","range":{"start":{"row":173,"column":26},"end":{"row":174,"column":0}},"text":"\n"},{"action":"insertLines","range":{"start":{"row":174,"column":0},"end":{"row":175,"column":0}},"lines":["    slop (3.6.0)"]},{"action":"insertText","range":{"start":{"row":175,"column":0},"end":{"row":175,"column":17}},"text":"    spring (1.1.3"},{"action":"removeText","range":{"start":{"row":176,"column":18},"end":{"row":176,"column":19}},"text":"1"},{"action":"insertText","range":{"start":{"row":176,"column":18},"end":{"row":176,"column":19}},"text":"2"},{"action":"removeText","range":{"start":{"row":181,"column":21},"end":{"row":181,"column":22}},"text":"2"},{"action":"insertText","range":{"start":{"row":181,"column":21},"end":{"row":181,"column":22}},"text":"3"},{"action":"insertText","range":{"start":{"row":181,"column":25},"end":{"row":181,"column":31}},"text":"0.beta"},{"action":"removeText","range":{"start":{"row":182,"column":21},"end":{"row":182,"column":22}},"text":"3"},{"action":"insertText","range":{"start":{"row":182,"column":21},"end":{"row":182,"column":22}},"text":"4"},{"action":"removeText","range":{"start":{"row":183,"column":24},"end":{"row":183,"column":25}},"text":"3"},{"action":"insertText","range":{"start":{"row":183,"column":24},"end":{"row":183,"column":25}},"text":"4"},{"action":"insertText","range":{"start":{"row":185,"column":0},"end":{"row":185,"column":19}},"text":"    sqlite3 (1.3.9)"},{"action":"insertText","range":{"start":{"row":185,"column":19},"end":{"row":186,"column":0}},"text":"\n"},{"action":"insertLines","range":{"start":{"row":186,"column":0},"end":{"row":187,"column":0}},"lines":["    sqlite3 (1.3.9-x86-mingw32)"]},{"action":"removeText","range":{"start":{"row":190,"column":5},"end":{"row":190,"column":16}},"text":"reetop (1.4"},{"action":"insertText","range":{"start":{"row":190,"column":5},"end":{"row":190,"column":15}},"text":"imers (4.0"},{"action":"removeText","range":{"start":{"row":190,"column":17},"end":{"row":190,"column":18}},"text":"5"},{"action":"removeText","range":{"start":{"row":192,"column":0},"end":{"row":192,"column":25}},"text":"      polyglot (>= 0.3.1)"},{"action":"removeText","range":{"start":{"row":191,"column":6},"end":{"row":191,"column":14}},"text":"polyglot"},{"action":"removeText","range":{"start":{"row":191,"column":6},"end":{"row":192,"column":0}},"text":"\n"},{"action":"insertText","range":{"start":{"row":191,"column":6},"end":{"row":191,"column":13}},"text":"hitimes"},{"action":"removeText","range":{"start":{"row":192,"column":18},"end":{"row":192,"column":21}},"text":"5.2"},{"action":"insertText","range":{"start":{"row":192,"column":18},"end":{"row":192,"column":21}},"text":"3.0"},{"action":"removeText","range":{"start":{"row":194,"column":12},"end":{"row":194,"column":17}},"text":"0.3.4"},{"action":"insertText","range":{"start":{"row":194,"column":12},"end":{"row":194,"column":16}},"text":"1.2."},{"action":"insertText","range":{"start":{"row":195,"column":0},"end":{"row":195,"column":26}},"text":"      thread_safe (~> 0.1)"},{"action":"insertText","range":{"start":{"row":195,"column":26},"end":{"row":196,"column":0}},"text":"\n"},{"action":"insertText","range":{"start":{"row":198,"column":21},"end":{"row":199,"column":0}},"text":"\n"},{"action":"insertLines","range":{"start":{"row":199,"column":0},"end":{"row":204,"column":0}},"lines":["    web-console (2.0.0.beta3)","      activemodel (~> 4.0)","      binding_of_caller (= 0.7.3.pre1)","      railties (~> 4.0)","      sprockets-rails (>= 2.0, < 4.0)"]},{"action":"insertText","range":{"start":{"row":204,"column":0},"end":{"row":204,"column":36}},"text":"    win32console (1.3.2-x86-mingw32)"},{"action":"insertText","range":{"start":{"row":207,"column":0},"end":{"row":207,"column":6}},"text":"  ruby"},{"action":"insertText","range":{"start":{"row":207,"column":6},"end":{"row":208,"column":0}},"text":"\n"},{"action":"removeText","range":{"start":{"row":211,"column":18},"end":{"row":211,"column":20}},"text":"~>"},{"action":"insertText","range":{"start":{"row":211,"column":18},"end":{"row":211,"column":19}},"text":"="},{"action":"insertText","range":{"start":{"row":212,"column":0},"end":{"row":212,"column":18}},"text":"  byebug (= 3.4.0)"},{"action":"insertText","range":{"start":{"row":212,"column":18},"end":{"row":213,"column":0}},"text":"\n"},{"action":"removeText","range":{"start":{"row":213,"column":16},"end":{"row":213,"column":18}},"text":"~>"},{"action":"insertText","range":{"start":{"row":213,"column":16},"end":{"row":213,"column":17}},"text":"="},{"action":"removeText","range":{"start":{"row":213,"column":22},"end":{"row":213,"column":23}},"text":"0"},{"action":"insertText","range":{"start":{"row":213,"column":22},"end":{"row":213,"column":24}},"text":"1)"},{"action":"insertText","range":{"start":{"row":213,"column":24},"end":{"row":214,"column":0}},"text":"\n"},{"action":"insertText","range":{"start":{"row":214,"column":0},"end":{"row":214,"column":25}},"text":"  guard-minitest (= 2.3.1"},{"action":"removeText","range":{"start":{"row":215,"column":12},"end":{"row":215,"column":18}},"text":"~> 1.2"},{"action":"insertText","range":{"start":{"row":215,"column":12},"end":{"row":215,"column":19}},"text":"= 2.2.3"},{"action":"removeText","range":{"start":{"row":220,"column":0},"end":{"row":220,"column":6}},"text":"  sdoc"},{"action":"removeLines","range":{"start":{"row":217,"column":0},"end":{"row":220,"column":0}},"nl":"\n","lines":["  pg","  rails (= 4.0.0)","  sass-rails (~> 4.0.0)"]},{"action":"removeText","range":{"start":{"row":216,"column":14},"end":{"row":217,"column":0}},"text":"\n"},{"action":"insertText","range":{"start":{"row":216,"column":14},"end":{"row":216,"column":30}},"text":" (= 4.0.0.beta2)"},{"action":"insertText","range":{"start":{"row":216,"column":30},"end":{"row":217,"column":0}},"text":"\n"},{"action":"insertLines","range":{"start":{"row":217,"column":0},"end":{"row":226,"column":0}},"lines":["  mini_backtrace (= 0.1.3)","  minitest-reporters (= 1.0.5)","  pg (= 0.17.1)","  rails (= 4.2.0.beta4)","  rails-html-sanitizer (= 1.0.1)","  rails_12factor (= 0.0.2)","  sass-rails (= 5.0.0.beta1)","  sdoc (= 0.4.0)","  spring (= 1.1.3)"]},{"action":"insertText","range":{"start":{"row":226,"column":0},"end":{"row":226,"column":19}},"text":"  sqlite3 (= 1.3.9)"},{"action":"insertText","range":{"start":{"row":227,"column":12},"end":{"row":227,"column":22}},"text":" (= 2.3.0)"},{"action":"removeText","range":{"start":{"row":228,"column":12},"end":{"row":228,"column":13}},"text":">"},{"action":"removeText","range":{"start":{"row":228,"column":14},"end":{"row":228,"column":19}},"text":"1.3.0"},{"action":"insertText","range":{"start":{"row":228,"column":14},"end":{"row":228,"column":20}},"text":"2.5.3)"},{"action":"insertText","range":{"start":{"row":228,"column":20},"end":{"row":229,"column":0}},"text":"\n"},{"action":"insertText","range":{"start":{"row":229,"column":0},"end":{"row":229,"column":28}},"text":"  web-console (= 2.0.0.beta3"}]}]]},"ace":{"folds":[],"scrolltop":0,"scrollleft":0,"selection":{"start":{"row":3,"column":18},"end":{"row":3,"column":23},"isBackwards":false},"options":{"guessTabSize":true,"useWrapMode":false,"wrapToView":true},"firstLineState":0},"timestamp":1416459284821,"hash":"e881d96245f72e7517d1bc3a8aa6e15ed64d2dbe"}